
Microsoft Visual Studio Solution File, Format Version 12.00
# Visual Studio 15
VisualStudioVersion = 15.0.28307.902
MinimumVisualStudioVersion = 10.0.40219.1
Project("{FAE04EC0-301F-11D3-BF4B-00C04F79EFBC}") = "Server", "Server\Server.csproj", "{F4FF317A-6CF2-4393-8F86-111A2D0494AA}"
EndProject
Project("{FAE04EC0-301F-11D3-BF4B-00C04F79EFBC}") = "Bll", "Bll\Bll.csproj", "{34DB8BE0-296A-4494-AD53-EF134FD84C3A}"
EndProject
Project("{FAE04EC0-301F-11D3-BF4B-00C04F79EFBC}") = "Entities", "Entities\Entities.csproj", "{523D7ACC-CC0E-4015-92B3-91CED4251067}"
EndProject
Project("{FAE04EC0-301F-11D3-BF4B-00C04F79EFBC}") = "Dal", "Dal\Dal.csproj", "{F903CFB0-43F1-4FE9-9CE4-B3E675F12505}"
EndProject
Project("{2150E333-8FDC-42A3-9474-1A3956D46DE8}") = "pic", "pic", "{F530345B-5A57-4B41-AAC2-DF4A42C967B0}"
	ProjectSection(SolutionItems) = preProject
		..\שרה ומוריה\project-template\src\assets\pictures\1.jpg = ..\שרה ומוריה\project-template\src\assets\pictures\1.jpg
		..\שרה ומוריה\project-template\src\assets\pictures\2.jpg = ..\שרה ומוריה\project-template\src\assets\pictures\2.jpg
		..\שרה ומוריה\project-template\src\assets\pictures\3.jpg = ..\שרה ומוריה\project-template\src\assets\pictures\3.jpg
		..\שרה ומוריה\project-template\src\assets\pictures\4.jpg = ..\שרה ומוריה\project-template\src\assets\pictures\4.jpg
	EndProjectSection
EndProject
Global
	GlobalSection(SolutionConfigurationPlatforms) = preSolution
		Debug|Any CPU = Debug|Any CPU
		Release|Any CPU = Release|Any CPU
	EndGlobalSection
	GlobalSection(ProjectConfigurationPlatforms) = postSolution
		{F4FF317A-6CF2-4393-8F86-111A2D0494AA}.Debug|Any CPU.ActiveCfg = Debug|Any CPU
		{F4FF317A-6CF2-4393-8F86-111A2D0494AA}.Debug|Any CPU.Build.0 = Debug|Any CPU
		{F4FF317A-6CF2-4393-8F86-111A2D0494AA}.Release|Any CPU.ActiveCfg = Release|Any CPU
		{F4FF317A-6CF2-4393-8F86-111A2D0494AA}.Release|Any CPU.Build.0 = Release|Any CPU
		{34DB8BE0-296A-4494-AD53-EF134FD84C3A}.Debug|Any CPU.ActiveCfg = Debug|Any CPU
		{34DB8BE0-296A-4494-AD53-EF134FD84C3A}.Debug|Any CPU.Build.0 = Debug|Any CPU
		{34DB8BE0-296A-4494-AD53-EF134FD84C3A}.Release|Any CPU.ActiveCfg = Release|Any CPU
		{34DB8BE0-296A-4494-AD53-EF134FD84C3A}.Release|Any CPU.Build.0 = Release|Any CPU
		{523D7ACC-CC0E-4015-92B3-91CED4251067}.Debug|Any CPU.ActiveCfg = Debug|Any CPU
		{523D7ACC-CC0E-4015-92B3-91CED4251067}.Debug|Any CPU.Build.0 = Debug|Any CPU
		{523D7ACC-CC0E-4015-92B3-91CED4251067}.Release|Any CPU.ActiveCfg = Release|Any CPU
		{523D7ACC-CC0E-4015-92B3-91CED4251067}.Release|Any CPU.Build.0 = Release|Any CPU
		{F903CFB0-43F1-4FE9-9CE4-B3E675F12505}.Debug|Any CPU.ActiveCfg = Debug|Any CPU
		{F903CFB0-43F1-4FE9-9CE4-B3E675F12505}.Debug|Any CPU.Build.0 = Debug|Any CPU
		{F903CFB0-43F1-4FE9-9CE4-B3E675F12505}.Release|Any CPU.ActiveCfg = Release|Any CPU
		{F903CFB0-43F1-4FE9-9CE4-B3E675F12505}.Release|Any CPU.Build.0 = Release|Any CPU
	EndGlobalSection
	GlobalSection(SolutionProperties) = preSolution
		HideSolutionNode = FALSE
	EndGlobalSection
	GlobalSection(ExtensibilityGlobals) = postSolution
		SolutionGuid = {AD7744EE-6AD9-4BF3-862F-72BF69594116}
	EndGlobalSection
EndGlobal
